
Microsoft Visual Studio Solution File, Format Version 12.00
# Visual Studio Version 16
VisualStudioVersion = 16.0.31025.194
MinimumVisualStudioVersion = 10.0.40219.1
Project("{FAE04EC0-301F-11D3-BF4B-00C04F79EFBC}") = "ProcessPayment.API", "ProcessPayment.API\ProcessPayment.API.csproj", "{EC1EA093-6E6C-4E7A-8953-ECBB4C668374}"
EndProject
Global
	GlobalSection(SolutionConfigurationPlatforms) = preSolution
		Debug|Any CPU = Debug|Any CPU
		Release|Any CPU = Release|Any CPU
	EndGlobalSection
	GlobalSection(ProjectConfigurationPlatforms) = postSolution
		{EC1EA093-6E6C-4E7A-8953-ECBB4C668374}.Debug|Any CPU.ActiveCfg = Debug|Any CPU
		{EC1EA093-6E6C-4E7A-8953-ECBB4C668374}.Debug|Any CPU.Build.0 = Debug|Any CPU
		{EC1EA093-6E6C-4E7A-8953-ECBB4C668374}.Release|Any CPU.ActiveCfg = Release|Any CPU
		{EC1EA093-6E6C-4E7A-8953-ECBB4C668374}.Release|Any CPU.Build.0 = Release|Any CPU
	EndGlobalSection
	GlobalSection(SolutionProperties) = preSolution
		HideSolutionNode = FALSE
	EndGlobalSection
	GlobalSection(ExtensibilityGlobals) = postSolution
		SolutionGuid = {7E058C12-FD62-4E2D-B56B-E3AEEA5ECD27}
	EndGlobalSection
EndGlobal
